lockfileVersion: '6.0'

settings:
  autoInstallPeers: true
  excludeLinksFromLockfile: false

dependencies:
  rxjs:
    specifier: ^7.8.1
    version: 7.8.1

devDependencies:
  vite:
    specifier: ^5.0.12
    version: 5.0.12

packages:

  /@esbuild/aix-ppc64@0.19.11:
    resolution: {integrity: sha1-Ks0gvm1PBFi8jHhBA0lf8k8TsdM=, tarball: http://r.npm.sankuai.com/@esbuild/aix-ppc64/download/@esbuild/aix-ppc64-0.19.11.tgz}
    engines: {node: '>=12'}
    cpu: [ppc64]
    os: [aix]
    requiresBuild: true
    dev: true
    optional: true

  /@esbuild/android-arm64@0.19.11:
    resolution: {integrity: sha1-tF0AABc4XJBRpPA+FweKu5Nb4iA=, tarball: http://r.npm.sankuai.com/@esbuild/android-arm64/download/@esbuild/android-arm64-0.19.11.tgz}
    engines: {node: '>=12'}
    cpu: [arm64]
    os: [android]
    requiresBuild: true
    dev: true
    optional: true

  /@esbuild/android-arm@0.19.11:
    resolution: {integrity: sha1-9G9VQU4cNhSsaCspl3eSExI4Fkw=, tarball: http://r.npm.sankuai.com/@esbuild/android-arm/download/@esbuild/android-arm-0.19.11.tgz}
    engines: {node: '>=12'}
    cpu: [arm]
    os: [android]
    requiresBuild: true
    dev: true
    optional: true

  /@esbuild/android-x64@0.19.11:
    resolution: {integrity: sha1-v8AekXQLggEe9QPEj1SJUIJJIrI=, tarball: http://r.npm.sankuai.com/@esbuild/android-x64/download/@esbuild/android-x64-0.19.11.tgz}
    engines: {node: '>=12'}
    cpu: [x64]
    os: [android]
    requiresBuild: true
    dev: true
    optional: true

  /@esbuild/darwin-arm64@0.19.11:
    resolution: {integrity: sha1-Uz+39aCMNxIdgsZhmCY9zBvtKb8=, tarball: http://r.npm.sankuai.com/@esbuild/darwin-arm64/download/@esbuild/darwin-arm64-0.19.11.tgz}
    engines: {node: '>=12'}
    cpu: [arm64]
    os: [darwin]
    requiresBuild: true
    dev: true
    optional: true

  /@esbuild/darwin-x64@0.19.11:
    resolution: {integrity: sha1-YvOBnv9+Tdxla3xoFaMc+aHn2Y4=, tarball: http://r.npm.sankuai.com/@esbuild/darwin-x64/download/@esbuild/darwin-x64-0.19.11.tgz}
    engines: {node: '>=12'}
    cpu: [x64]
    os: [darwin]
    requiresBuild: true
    dev: true
    optional: true

  /@esbuild/freebsd-arm64@0.19.11:
    resolution: {integrity: sha1-1Hi0GVqjykQWAnLauF74uvQXW0o=, tarball: http://r.npm.sankuai.com/@esbuild/freebsd-arm64/download/@esbuild/freebsd-arm64-0.19.11.tgz}
    engines: {node: '>=12'}
    cpu: [arm64]
    os: [freebsd]
    requiresBuild: true
    dev: true
    optional: true

  /@esbuild/freebsd-x64@0.19.11:
    resolution: {integrity: sha1-e9zBkXQJF4JXymoaJ/4G55fsGKI=, tarball: http://r.npm.sankuai.com/@esbuild/freebsd-x64/download/@esbuild/freebsd-x64-0.19.11.tgz}
    engines: {node: '>=12'}
    cpu: [x64]
    os: [freebsd]
    requiresBuild: true
    dev: true
    optional: true

  /@esbuild/linux-arm64@0.19.11:
    resolution: {integrity: sha1-WK1P8RaF/Mc11/9Mp1mrGPz+RUU=, tarball: http://r.npm.sankuai.com/@esbuild/linux-arm64/download/@esbuild/linux-arm64-0.19.11.tgz}
    engines: {node: '>=12'}
    cpu: [arm64]
    os: [linux]
    requiresBuild: true
    dev: true
    optional: true

  /@esbuild/linux-arm@0.19.11:
    resolution: {integrity: sha1-zoIkbYc7VTTTTeHlwbMwJvNeYOM=, tarball: http://r.npm.sankuai.com/@esbuild/linux-arm/download/@esbuild/linux-arm-0.19.11.tgz}
    engines: {node: '>=12'}
    cpu: [arm]
    os: [linux]
    requiresBuild: true
    dev: true
    optional: true

  /@esbuild/linux-ia32@0.19.11:
    resolution: {integrity: sha1-y64fMTIJr/x0uA9DkMTDXGq4P6Q=, tarball: http://r.npm.sankuai.com/@esbuild/linux-ia32/download/@esbuild/linux-ia32-0.19.11.tgz}
    engines: {node: '>=12'}
    cpu: [ia32]
    os: [linux]
    requiresBuild: true
    dev: true
    optional: true

  /@esbuild/linux-loong64@0.19.11:
    resolution: {integrity: sha1-XzKurRw+yPTMzbftCLFmIk1OkSE=, tarball: http://r.npm.sankuai.com/@esbuild/linux-loong64/download/@esbuild/linux-loong64-0.19.11.tgz}
    engines: {node: '>=12'}
    cpu: [loong64]
    os: [linux]
    requiresBuild: true
    dev: true
    optional: true

  /@esbuild/linux-mips64el@0.19.11:
    resolution: {integrity: sha1-OO7PHLuMNqYWJh3oWLPBDQNBmvk=, tarball: http://r.npm.sankuai.com/@esbuild/linux-mips64el/download/@esbuild/linux-mips64el-0.19.11.tgz}
    engines: {node: '>=12'}
    cpu: [mips64el]
    os: [linux]
    requiresBuild: true
    dev: true
    optional: true

  /@esbuild/linux-ppc64@0.19.11:
    resolution: {integrity: sha1-nFclqU5uwVuTGV5aavuCFiiv2RI=, tarball: http://r.npm.sankuai.com/@esbuild/linux-ppc64/download/@esbuild/linux-ppc64-0.19.11.tgz}
    engines: {node: '>=12'}
    cpu: [ppc64]
    os: [linux]
    requiresBuild: true
    dev: true
    optional: true

  /@esbuild/linux-riscv64@0.19.11:
    resolution: {integrity: sha1-LcRIbUdKKmK75YcFIqmmAOKsuRY=, tarball: http://r.npm.sankuai.com/@esbuild/linux-riscv64/download/@esbuild/linux-riscv64-0.19.11.tgz}
    engines: {node: '>=12'}
    cpu: [riscv64]
    os: [linux]
    requiresBuild: true
    dev: true
    optional: true

  /@esbuild/linux-s390x@0.19.11:
    resolution: {integrity: sha1-SthWffSPfdTHHsWxdTtvN1YaZag=, tarball: http://r.npm.sankuai.com/@esbuild/linux-s390x/download/@esbuild/linux-s390x-0.19.11.tgz}
    engines: {node: '>=12'}
    cpu: [s390x]
    os: [linux]
    requiresBuild: true
    dev: true
    optional: true

  /@esbuild/linux-x64@0.19.11:
    resolution: {integrity: sha1-tzkMTVGE8gPr592u3wc9+Cplh2Y=, tarball: http://r.npm.sankuai.com/@esbuild/linux-x64/download/@esbuild/linux-x64-0.19.11.tgz}
    engines: {node: '>=12'}
    cpu: [x64]
    os: [linux]
    requiresBuild: true
    dev: true
    optional: true

  /@esbuild/netbsd-x64@0.19.11:
    resolution: {integrity: sha1-1jPAlJKhchN387zO2y2CG5EegT0=, tarball: http://r.npm.sankuai.com/@esbuild/netbsd-x64/download/@esbuild/netbsd-x64-0.19.11.tgz}
    engines: {node: '>=12'}
    cpu: [x64]
    os: [netbsd]
    requiresBuild: true
    dev: true
    optional: true

  /@esbuild/openbsd-x64@0.19.11:
    resolution: {integrity: sha1-FziMduLwESW/gxpowDp//Mtl0aI=, tarball: http://r.npm.sankuai.com/@esbuild/openbsd-x64/download/@esbuild/openbsd-x64-0.19.11.tgz}
    engines: {node: '>=12'}
    cpu: [x64]
    os: [openbsd]
    requiresBuild: true
    dev: true
    optional: true

  /@esbuild/sunos-x64@0.19.11:
    resolution: {integrity: sha1-4yBjbwC7n0/fOoDlSMt0M3DUF2c=, tarball: http://r.npm.sankuai.com/@esbuild/sunos-x64/download/@esbuild/sunos-x64-0.19.11.tgz}
    engines: {node: '>=12'}
    cpu: [x64]
    os: [sunos]
    requiresBuild: true
    dev: true
    optional: true

  /@esbuild/win32-arm64@0.19.11:
    resolution: {integrity: sha1-x3i0WklukLb8Nz4qK7By8UQf4O4=, tarball: http://r.npm.sankuai.com/@esbuild/win32-arm64/download/@esbuild/win32-arm64-0.19.11.tgz}
    engines: {node: '>=12'}
    cpu: [arm64]
    os: [win32]
    requiresBuild: true
    dev: true
    optional: true

  /@esbuild/win32-ia32@0.19.11:
    resolution: {integrity: sha1-SBpl/uLlzOdOxEgj5rCeztzFGUw=, tarball: http://r.npm.sankuai.com/@esbuild/win32-ia32/download/@esbuild/win32-ia32-0.19.11.tgz}
    engines: {node: '>=12'}
    cpu: [ia32]
    os: [win32]
    requiresBuild: true
    dev: true
    optional: true

  /@esbuild/win32-x64@0.19.11:
    resolution: {integrity: sha1-pdMAAIlguzlnfEa/FvU+xw2N7gQ=, tarball: http://r.npm.sankuai.com/@esbuild/win32-x64/download/@esbuild/win32-x64-0.19.11.tgz}
    engines: {node: '>=12'}
    cpu: [x64]
    os: [win32]
    requiresBuild: true
    dev: true
    optional: true

  /@rollup/rollup-android-arm-eabi@4.9.4:
    resolution: {integrity: sha1-sQlJYnQsGgNJWHBAvAYYXipmfJs=, tarball: http://r.npm.sankuai.com/@rollup/rollup-android-arm-eabi/download/@rollup/rollup-android-arm-eabi-4.9.4.tgz}
    cpu: [arm]
    os: [android]
    requiresBuild: true
    dev: true
    optional: true

  /@rollup/rollup-android-arm64@4.9.4:
    resolution: {integrity: sha1-luuG+1SeBbGH8q0G9R0ZGiPLOFo=, tarball: http://r.npm.sankuai.com/@rollup/rollup-android-arm64/download/@rollup/rollup-android-arm64-4.9.4.tgz}
    cpu: [arm64]
    os: [android]
    requiresBuild: true
    dev: true
    optional: true

  /@rollup/rollup-darwin-arm64@4.9.4:
    resolution: {integrity: sha1-JFZjDAB8xZBcs2isuf+fwEstN74=, tarball: http://r.npm.sankuai.com/@rollup/rollup-darwin-arm64/download/@rollup/rollup-darwin-arm64-4.9.4.tgz}
    cpu: [arm64]
    os: [darwin]
    requiresBuild: true
    dev: true
    optional: true

  /@rollup/rollup-darwin-x64@4.9.4:
    resolution: {integrity: sha1-l3QiFPx9/Ueg9077pvWuJk4pxww=, tarball: http://r.npm.sankuai.com/@rollup/rollup-darwin-x64/download/@rollup/rollup-darwin-x64-4.9.4.tgz}
    cpu: [x64]
    os: [darwin]
    requiresBuild: true
    dev: true
    optional: true

  /@rollup/rollup-linux-arm-gnueabihf@4.9.4:
    resolution: {integrity: sha1-zZM+Ydb2icnN795CS+r72Sz+WOI=, tarball: http://r.npm.sankuai.com/@rollup/rollup-linux-arm-gnueabihf/download/@rollup/rollup-linux-arm-gnueabihf-4.9.4.tgz}
    cpu: [arm]
    os: [linux]
    requiresBuild: true
    dev: true
    optional: true

  /@rollup/rollup-linux-arm64-gnu@4.9.4:
    resolution: {integrity: sha1-M7Cb9GLxg3r8HgKhs1Kva1EMeKY=, tarball: http://r.npm.sankuai.com/@rollup/rollup-linux-arm64-gnu/download/@rollup/rollup-linux-arm64-gnu-4.9.4.tgz}
    cpu: [arm64]
    os: [linux]
    libc: [glibc]
    requiresBuild: true
    dev: true
    optional: true

  /@rollup/rollup-linux-arm64-musl@4.9.4:
    resolution: {integrity: sha1-UCV/skiDLCMIBk43ZKFic7buRhU=, tarball: http://r.npm.sankuai.com/@rollup/rollup-linux-arm64-musl/download/@rollup/rollup-linux-arm64-musl-4.9.4.tgz}
    cpu: [arm64]
    os: [linux]
    libc: [musl]
    requiresBuild: true
    dev: true
    optional: true

  /@rollup/rollup-linux-riscv64-gnu@4.9.4:
    resolution: {integrity: sha1-CVieThoHPPVvYkm3frbJqOm2E6g=, tarball: http://r.npm.sankuai.com/@rollup/rollup-linux-riscv64-gnu/download/@rollup/rollup-linux-riscv64-gnu-4.9.4.tgz}
    cpu: [riscv64]
    os: [linux]
    libc: [glibc]
    requiresBuild: true
    dev: true
    optional: true

  /@rollup/rollup-linux-x64-gnu@4.9.4:
    resolution: {integrity: sha1-vTErtbXwLlTRVIhgXRXP0/kN2nw=, tarball: http://r.npm.sankuai.com/@rollup/rollup-linux-x64-gnu/download/@rollup/rollup-linux-x64-gnu-4.9.4.tgz}
    cpu: [x64]
    os: [linux]
    libc: [glibc]
    requiresBuild: true
    dev: true
    optional: true

  /@rollup/rollup-linux-x64-musl@4.9.4:
    resolution: {integrity: sha1-JbO+3oXYZDjOKMxkKELRDYZ9QOk=, tarball: http://r.npm.sankuai.com/@rollup/rollup-linux-x64-musl/download/@rollup/rollup-linux-x64-musl-4.9.4.tgz}
    cpu: [x64]
    os: [linux]
    libc: [musl]
    requiresBuild: true
    dev: true
    optional: true

  /@rollup/rollup-win32-arm64-msvc@4.9.4:
    resolution: {integrity: sha1-lZVwZ+sQf1cdodgZOfAX03tJWNM=, tarball: http://r.npm.sankuai.com/@rollup/rollup-win32-arm64-msvc/download/@rollup/rollup-win32-arm64-msvc-4.9.4.tgz}
    cpu: [arm64]
    os: [win32]
    requiresBuild: true
    dev: true
    optional: true

  /@rollup/rollup-win32-ia32-msvc@4.9.4:
    resolution: {integrity: sha1-cbb6ytl221J4Y/aYaSxpZMC24Q4=, tarball: http://r.npm.sankuai.com/@rollup/rollup-win32-ia32-msvc/download/@rollup/rollup-win32-ia32-msvc-4.9.4.tgz}
    cpu: [ia32]
    os: [win32]
    requiresBuild: true
    dev: true
    optional: true

  /@rollup/rollup-win32-x64-msvc@4.9.4:
    resolution: {integrity: sha1-FilcyuNUcHybxoQpBr3qrU87p6U=, tarball: http://r.npm.sankuai.com/@rollup/rollup-win32-x64-msvc/download/@rollup/rollup-win32-x64-msvc-4.9.4.tgz}
    cpu: [x64]
    os: [win32]
    requiresBuild: true
    dev: true
    optional: true

  /@types/estree@1.0.5:
    resolution: {integrity: sha512-/kYRxGDLWzHOB7q+wtSUQlFrtcdUccpfy+X+9iMBpHK8QLLhx2wIPYuS5DYtR9Wa/YlZAbIovy7qVdB1Aq6Lyw==}
    dev: true

  /esbuild@0.19.11:
    resolution: {integrity: sha512-HJ96Hev2hX/6i5cDVwcqiJBBtuo9+FeIJOtZ9W1kA5M6AMJRHUZlpYZ1/SbEwtO0ioNAW8rUooVpC/WehY2SfA==}
    engines: {node: '>=12'}
    hasBin: true
    requiresBuild: true
    optionalDependencies:
      '@esbuild/aix-ppc64': 0.19.11
      '@esbuild/android-arm': 0.19.11
      '@esbuild/android-arm64': 0.19.11
      '@esbuild/android-x64': 0.19.11
      '@esbuild/darwin-arm64': 0.19.11
      '@esbuild/darwin-x64': 0.19.11
      '@esbuild/freebsd-arm64': 0.19.11
      '@esbuild/freebsd-x64': 0.19.11
      '@esbuild/linux-arm': 0.19.11
      '@esbuild/linux-arm64': 0.19.11
      '@esbuild/linux-ia32': 0.19.11
      '@esbuild/linux-loong64': 0.19.11
      '@esbuild/linux-mips64el': 0.19.11
      '@esbuild/linux-ppc64': 0.19.11
      '@esbuild/linux-riscv64': 0.19.11
      '@esbuild/linux-s390x': 0.19.11
      '@esbuild/linux-x64': 0.19.11
      '@esbuild/netbsd-x64': 0.19.11
      '@esbuild/openbsd-x64': 0.19.11
      '@esbuild/sunos-x64': 0.19.11
      '@esbuild/win32-arm64': 0.19.11
      '@esbuild/win32-ia32': 0.19.11
      '@esbuild/win32-x64': 0.19.11
    dev: true

  /fsevents@2.3.3:
    resolution: {integrity: sha1-ysZAd4XQNnWipeGlMFxpezR9kNY=, tarball: http://r.npm.sankuai.com/fsevents/download/fsevents-2.3.3.tgz}
    engines: {node: ^8.16.0 || ^10.6.0 || >=11.0.0}
    os: [darwin]
    requiresBuild: true
    dev: true
    optional: true

  /nanoid@3.3.7:
    resolution: {integrity: sha512-eSRppjcPIatRIMC1U6UngP8XFcz8MQWGQdt1MTBQ7NaAmvXDfvNxbvWV3x2y6CdEUciCSsDHDQZbhYaB8QEo2g==}
    engines: {node: ^10 || ^12 || ^13.7 || ^14 || >=15.0.1}
    hasBin: true
    dev: true

  /picocolors@1.0.0:
    resolution: {integrity: sha512-1fygroTLlHu66zi26VoTDv8yRgm0Fccecssto+MhsZ0D/DGW2sm8E8AjW7NU5VVTRt5GxbeZ5qBuJr+HyLYkjQ==}
    dev: true

  /postcss@8.4.33:
    resolution: {integrity: sha512-Kkpbhhdjw2qQs2O2DGX+8m5OVqEcbB9HRBvuYM9pgrjEFUg30A9LmXNlTAUj4S9kgtGyrMbTzVjH7E+s5Re2yg==}
    engines: {node: ^10 || ^12 || >=14}
    dependencies:
      nanoid: 3.3.7
      picocolors: 1.0.0
      source-map-js: 1.0.2
    dev: true

  /rollup@4.9.4:
    resolution: {integrity: sha512-2ztU7pY/lrQyXSCnnoU4ICjT/tCG9cdH3/G25ERqE3Lst6vl2BCM5hL2Nw+sslAvAf+ccKsAq1SkKQALyqhR7g==}
    engines: {node: '>=18.0.0', npm: '>=8.0.0'}
    hasBin: true
    dependencies:
      '@types/estree': 1.0.5
    optionalDependencies:
      '@rollup/rollup-android-arm-eabi': 4.9.4
      '@rollup/rollup-android-arm64': 4.9.4
      '@rollup/rollup-darwin-arm64': 4.9.4
      '@rollup/rollup-darwin-x64': 4.9.4
      '@rollup/rollup-linux-arm-gnueabihf': 4.9.4
      '@rollup/rollup-linux-arm64-gnu': 4.9.4
      '@rollup/rollup-linux-arm64-musl': 4.9.4
      '@rollup/rollup-linux-riscv64-gnu': 4.9.4
      '@rollup/rollup-linux-x64-gnu': 4.9.4
      '@rollup/rollup-linux-x64-musl': 4.9.4
      '@rollup/rollup-win32-arm64-msvc': 4.9.4
      '@rollup/rollup-win32-ia32-msvc': 4.9.4
      '@rollup/rollup-win32-x64-msvc': 4.9.4
      fsevents: 2.3.3
    dev: true

  /rxjs@7.8.1:
    resolution: {integrity: sha512-AA3TVj+0A2iuIoQkWEK/tqFjBq2j+6PO6Y0zJcvzLAFhEFIO3HL0vls9hWLncZbAAbK0mar7oZ4V079I/qPMxg==}
    dependencies:
      tslib: 2.6.2
    dev: false

  /source-map-js@1.0.2:
    resolution: {integrity: sha512-R0XvVJ9WusLiqTCEiGCmICCMplcCkIwwR11mOSD9CR5u+IXYdiseeEuXCVAjS54zqwkLcPNnmU4OeJ6tUrWhDw==}
    engines: {node: '>=0.10.0'}
    dev: true

  /tslib@2.6.2:
    resolution: {integrity: sha512-AEYxH93jGFPn/a2iVAwW87VuUIkR1FVUKB77NwMF7nBTDkDrrT/Hpt/IrCJ0QXhW27jTBDcf5ZY7w6RiqTMw2Q==}
    dev: false

  /vite@5.0.12:
    resolution: {integrity: sha1-ii/9TaNsEyrsStr+Bdet3jgzPEc=, tarball: http://r.npm.sankuai.com/vite/download/vite-5.0.12.tgz}
    engines: {node: ^18.0.0 || >=20.0.0}
    hasBin: true
    peerDependencies:
      '@types/node': ^18.0.0 || >=20.0.0
      less: '*'
      lightningcss: ^1.21.0
      sass: '*'
      stylus: '*'
      sugarss: '*'
      terser: ^5.4.0
    peerDependenciesMeta:
      '@types/node':
        optional: true
      less:
        optional: true
      lightningcss:
        optional: true
      sass:
        optional: true
      stylus:
        optional: true
      sugarss:
        optional: true
      terser:
        optional: true
    dependencies:
      esbuild: 0.19.11
      postcss: 8.4.33
      rollup: 4.9.4
    optionalDependencies:
      fsevents: 2.3.3
    dev: true
